// !$*UTF8*$!
{
	archiveVersion = 1;
	classes = {
	};
	objectVersion = 70;
	objects = {

/* Begin PBXBuildFile section */
		08C7720B2F5B374A00241E4E /* SaveToPatternVault.appex in Embed Foundation Extensions */ = {isa = PBXBuildFile; fileRef = 08C772012F5B374A00241E4E /* SaveToPatternVault.appex */; settings = {ATTRIBUTES = (RemoveHeadersOnCopy, ); }; };
		B0010001 /* PatternVaultApp.swift in Sources */ = {isa = PBXBuildFile; fileRef = F0010001 /* PatternVaultApp.swift */; };
		B0010002 /* RootView.swift in Sources */ = {isa = PBXBuildFile; fileRef = F0010002 /* RootView.swift */; };
		B0010003 /* SupabaseManager.swift in Sources */ = {isa = PBXBuildFile; fileRef = F0010003 /* SupabaseManager.swift */; };
		B0010004 /* AuthService.swift in Sources */ = {isa = PBXBuildFile; fileRef = F0010004 /* AuthService.swift */; };
		B0010005 /* AuthGateView.swift in Sources */ = {isa = PBXBuildFile; fileRef = F0010005 /* AuthGateView.swift */; };
		B0010006 /* LoginView.swift in Sources */ = {isa = PBXBuildFile; fileRef = F0010006 /* LoginView.swift */; };
		B0010007 /* SignUpView.swift in Sources */ = {isa = PBXBuildFile; fileRef = F0010007 /* SignUpView.swift */; };
		B0010008 /* MainTabView.swift in Sources */ = {isa = PBXBuildFile; fileRef = F0010008 /* MainTabView.swift */; };
		B0010009 /* DashboardView.swift in Sources */ = {isa = PBXBuildFile; fileRef = F0010009 /* DashboardView.swift */; };
		B001000A /* PatternListView.swift in Sources */ = {isa = PBXBuildFile; fileRef = F001000A /* PatternListView.swift */; };
		B001000B /* SettingsView.swift in Sources */ = {isa = PBXBuildFile; fileRef = F001000B /* SettingsView.swift */; };
		B001000C /* Supabase in Frameworks */ = {isa = PBXBuildFile; productRef = P0010001 /* Supabase */; };
		B001000D /* QuickLook.framework in Frameworks */ = {isa = PBXBuildFile; fileRef = F001000F /* QuickLook.framework */; };
		B001000E /* Assets.xcassets in Resources */ = {isa = PBXBuildFile; fileRef = F001000E /* Assets.xcassets */; };
		B001000F /* Lottie in Frameworks */ = {isa = PBXBuildFile; productRef = P0010002 /* Lottie */; };
		B0020001 /* Pattern.swift in Sources */ = {isa = PBXBuildFile; fileRef = F0020001 /* Pattern.swift */; };
		B0020002 /* ProjectNote.swift in Sources */ = {isa = PBXBuildFile; fileRef = F0020002 /* ProjectNote.swift */; };
		B0020003 /* Tag.swift in Sources */ = {isa = PBXBuildFile; fileRef = F0020003 /* Tag.swift */; };
		B0020004 /* PatternRepository.swift in Sources */ = {isa = PBXBuildFile; fileRef = F0020004 /* PatternRepository.swift */; };
		B0020005 /* SourcePlatformHelper.swift in Sources */ = {isa = PBXBuildFile; fileRef = F0020005 /* SourcePlatformHelper.swift */; };
		B0020006 /* PatternStore.swift in Sources */ = {isa = PBXBuildFile; fileRef = F0020006 /* PatternStore.swift */; };
		B0020007 /* AddPatternView.swift in Sources */ = {isa = PBXBuildFile; fileRef = F0020007 /* AddPatternView.swift */; };
		B0020008 /* PatternDetailView.swift in Sources */ = {isa = PBXBuildFile; fileRef = F0020008 /* PatternDetailView.swift */; };
		B0020009 /* PatternRowView.swift in Sources */ = {isa = PBXBuildFile; fileRef = F0020009 /* PatternRowView.swift */; };
		B002000A /* ProjectNoteStore.swift in Sources */ = {isa = PBXBuildFile; fileRef = F002000A /* ProjectNoteStore.swift */; };
		B002000B /* TagStore.swift in Sources */ = {isa = PBXBuildFile; fileRef = F002000B /* TagStore.swift */; };
		B002000C /* TagPickerView.swift in Sources */ = {isa = PBXBuildFile; fileRef = F002000C /* TagPickerView.swift */; };
		B002000D /* NoteDetailView.swift in Sources */ = {isa = PBXBuildFile; fileRef = F002000D /* NoteDetailView.swift */; };
		B002000E /* NoteRowView.swift in Sources */ = {isa = PBXBuildFile; fileRef = F002000E /* NoteRowView.swift */; };
		B002000F /* AddNoteView.swift in Sources */ = {isa = PBXBuildFile; fileRef = F002000F /* AddNoteView.swift */; };
		B0020010 /* FlowLayout.swift in Sources */ = {isa = PBXBuildFile; fileRef = F0020010 /* FlowLayout.swift */; };
		B0020011 /* ProjectNoteRepository.swift in Sources */ = {isa = PBXBuildFile; fileRef = F0020011 /* ProjectNoteRepository.swift */; };
		B0020012 /* TagRepository.swift in Sources */ = {isa = PBXBuildFile; fileRef = F0020012 /* TagRepository.swift */; };
		B0020013 /* MetadataService.swift in Sources */ = {isa = PBXBuildFile; fileRef = F0020013 /* MetadataService.swift */; };
		B0020014 /* PatternYarnLinkRepository.swift in Sources */ = {isa = PBXBuildFile; fileRef = F0020014 /* PatternYarnLinkRepository.swift */; };
		B0030001 /* Theme.swift in Sources */ = {isa = PBXBuildFile; fileRef = F0030001 /* Theme.swift */; };
		B0030002 /* PatternCardView.swift in Sources */ = {isa = PBXBuildFile; fileRef = F0030002 /* PatternCardView.swift */; };
		B0030003 /* OnboardingView.swift in Sources */ = {isa = PBXBuildFile; fileRef = F0030003 /* OnboardingView.swift */; };
		B0030004 /* PatternImage.swift in Sources */ = {isa = PBXBuildFile; fileRef = F0030004 /* PatternImage.swift */; };
		B0030005 /* PatternImageRepository.swift in Sources */ = {isa = PBXBuildFile; fileRef = F0030005 /* PatternImageRepository.swift */; };
		B0030006 /* PatternImageStore.swift in Sources */ = {isa = PBXBuildFile; fileRef = F0030006 /* PatternImageStore.swift */; };
		B0030007 /* InAppWebView.swift in Sources */ = {isa = PBXBuildFile; fileRef = F0030007 /* InAppWebView.swift */; };
		B0030008 /* PatternContentView.swift in Sources */ = {isa = PBXBuildFile; fileRef = F0030008 /* PatternContentView.swift */; };
		B0030009 /* PatternYarnLink.swift in Sources */ = {isa = PBXBuildFile; fileRef = F0030009 /* PatternYarnLink.swift */; };
		B003000A /* PatternYarnLinkStore.swift in Sources */ = {isa = PBXBuildFile; fileRef = F003000A /* PatternYarnLinkStore.swift */; };
		B003000B /* PDFViewerView.swift in Sources */ = {isa = PBXBuildFile; fileRef = F003000B /* PDFViewerView.swift */; };
		B003000C /* PatternStepParser.swift in Sources */ = {isa = PBXBuildFile; fileRef = F003000C /* PatternStepParser.swift */; };
		B003000D /* PatternProgressStore.swift in Sources */ = {isa = PBXBuildFile; fileRef = F003000D /* PatternProgressStore.swift */; };
		B003000E /* ContentBlockParser.swift in Sources */ = {isa = PBXBuildFile; fileRef = F003000E /* ContentBlockParser.swift */; };
		B003000F /* JunkPhraseStore.swift in Sources */ = {isa = PBXBuildFile; fileRef = F003000F /* JunkPhraseStore.swift */; };
		B0030010 /* StepEditorView.swift in Sources */ = {isa = PBXBuildFile; fileRef = F0030010 /* StepEditorView.swift */; };
		B0040001 /* EmptyPatterns.json in Resources */ = {isa = PBXBuildFile; fileRef = F0040001 /* EmptyPatterns.json */; };
		B0040002 /* LottieAnimationView.swift in Sources */ = {isa = PBXBuildFile; fileRef = F0040002 /* LottieAnimationView.swift */; };
		B0040003 /* AnimatedCrowView.swift in Sources */ = {isa = PBXBuildFile; fileRef = F0040003 /* AnimatedCrowView.swift */; };
		B0050001 /* OnboardingMascotFrames in Resources */ = {isa = PBXBuildFile; fileRef = F0050001 /* OnboardingMascotFrames */; };
		B0050002 /* SpriteMascotView.swift in Sources */ = {isa = PBXBuildFile; fileRef = F0050002 /* SpriteMascotView.swift */; };
		B0050003 /* IdleMascotFrames in Resources */ = {isa = PBXBuildFile; fileRef = F0050003 /* IdleMascotFrames */; };
		B0050004 /* JumpingMascotFrames in Resources */ = {isa = PBXBuildFile; fileRef = F0050004 /* JumpingMascotFrames */; };
		B0050005 /* WalkingMascotFrames in Resources */ = {isa = PBXBuildFile; fileRef = F0050005 /* WalkingMascotFrames */; };
		B0050006 /* PoutyMascotFrames in Resources */ = {isa = PBXBuildFile; fileRef = F0050006 /* PoutyMascotFrames */; };
		B0050007 /* KnittingMascotFrames in Resources */ = {isa = PBXBuildFile; fileRef = F0050007 /* KnittingMascotFrames */; };
/* End PBXBuildFile section */

/* Begin PBXContainerItemProxy section */
		08C772092F5B374A00241E4E /* PBXContainerItemProxy */ = {
			isa = PBXContainerItemProxy;
			containerPortal = P0000000 /* Project object */;
			proxyType = 1;
			remoteGlobalIDString = 08C772002F5B374A00241E4E;
			remoteInfo = SaveToPatternVault;
		};
/* End PBXContainerItemProxy section */

/* Begin PBXCopyFilesBuildPhase section */
		C0030003 /* Embed Foundation Extensions */ = {
			isa = PBXCopyFilesBuildPhase;
			buildActionMask = 2147483647;
			dstPath = "";
			dstSubfolderSpec = 13;
			files = (
				08C7720B2F5B374A00241E4E /* SaveToPatternVault.appex in Embed Foundation Extensions */,
			);
			name = "Embed Foundation Extensions";
			runOnlyForDeploymentPostprocessing = 0;
		};
/* End PBXCopyFilesBuildPhase section */

/* Begin PBXFileReference section */
		08C772012F5B374A00241E4E /* SaveToPatternVault.appex */ = {isa = PBXFileReference; explicitFileType = "wrapper.app-extension"; includeInIndex = 0; path = SaveToPatternVault.appex; sourceTree = BUILT_PRODUCTS_DIR; };
		08C7E5B72F58EE8100DCDC30 /* PatternVault.entitlements */ = {isa = PBXFileReference; lastKnownFileType = text.plist.entitlements; path = PatternVault.entitlements; sourceTree = "<group>"; };
		E0010000 /* PatternVault.app */ = {isa = PBXFileReference; explicitFileType = wrapper.application; includeInIndex = 0; path = PatternVault.app; sourceTree = BUILT_PRODUCTS_DIR; };
		F0010001 /* PatternVaultApp.swift */ = {isa = PBXFileReference; lastKnownFileType = sourcecode.swift; path = PatternVaultApp.swift; sourceTree = "<group>"; };
		F0010002 /* RootView.swift */ = {isa = PBXFileReference; lastKnownFileType = sourcecode.swift; path = RootView.swift; sourceTree = "<group>"; };
		F0010003 /* SupabaseManager.swift */ = {isa = PBXFileReference; lastKnownFileType = sourcecode.swift; path = SupabaseManager.swift; sourceTree = "<group>"; };
		F0010004 /* AuthService.swift */ = {isa = PBXFileReference; lastKnownFileType = sourcecode.swift; path = AuthService.swift; sourceTree = "<group>"; };
		F0010005 /* AuthGateView.swift */ = {isa = PBXFileReference; lastKnownFileType = sourcecode.swift; path = AuthGateView.swift; sourceTree = "<group>"; };
		F0010006 /* LoginView.swift */ = {isa = PBXFileReference; lastKnownFileType = sourcecode.swift; path = LoginView.swift; sourceTree = "<group>"; };
		F0010007 /* SignUpView.swift */ = {isa = PBXFileReference; lastKnownFileType = sourcecode.swift; path = SignUpView.swift; sourceTree = "<group>"; };
		F0010008 /* MainTabView.swift */ = {isa = PBXFileReference; lastKnownFileType = sourcecode.swift; path = MainTabView.swift; sourceTree = "<group>"; };
		F0010009 /* DashboardView.swift */ = {isa = PBXFileReference; lastKnownFileType = sourcecode.swift; path = DashboardView.swift; sourceTree = "<group>"; };
		F001000A /* PatternListView.swift */ = {isa = PBXFileReference; lastKnownFileType = sourcecode.swift; path = PatternListView.swift; sourceTree = "<group>"; };
		F001000B /* SettingsView.swift */ = {isa = PBXFileReference; lastKnownFileType = sourcecode.swift; path = SettingsView.swift; sourceTree = "<group>"; };
		F001000D /* Info.plist */ = {isa = PBXFileReference; lastKnownFileType = text.plist.xml; path = Info.plist; sourceTree = "<group>"; };
		F001000E /* Assets.xcassets */ = {isa = PBXFileReference; lastKnownFileType = folder.assetcatalog; path = Assets.xcassets; sourceTree = "<group>"; };
		F001000F /* QuickLook.framework */ = {isa = PBXFileReference; lastKnownFileType = wrapper.framework; name = QuickLook.framework; path = System/Library/Frameworks/QuickLook.framework; sourceTree = SDKROOT; };
		F0020001 /* Pattern.swift */ = {isa = PBXFileReference; lastKnownFileType = sourcecode.swift; path = Pattern.swift; sourceTree = "<group>"; };
		F0020002 /* ProjectNote.swift */ = {isa = PBXFileReference; lastKnownFileType = sourcecode.swift; path = ProjectNote.swift; sourceTree = "<group>"; };
		F0020003 /* Tag.swift */ = {isa = PBXFileReference; lastKnownFileType = sourcecode.swift; path = Tag.swift; sourceTree = "<group>"; };
		F0020004 /* PatternRepository.swift */ = {isa = PBXFileReference; lastKnownFileType = sourcecode.swift; path = PatternRepository.swift; sourceTree = "<group>"; };
		F0020005 /* SourcePlatformHelper.swift */ = {isa = PBXFileReference; lastKnownFileType = sourcecode.swift; path = SourcePlatformHelper.swift; sourceTree = "<group>"; };
		F0020006 /* PatternStore.swift */ = {isa = PBXFileReference; lastKnownFileType = sourcecode.swift; path = PatternStore.swift; sourceTree = "<group>"; };
		F0020007 /* AddPatternView.swift */ = {isa = PBXFileReference; lastKnownFileType = sourcecode.swift; path = AddPatternView.swift; sourceTree = "<group>"; };
		F0020008 /* PatternDetailView.swift */ = {isa = PBXFileReference; lastKnownFileType = sourcecode.swift; path = PatternDetailView.swift; sourceTree = "<group>"; };
		F0020009 /* PatternRowView.swift */ = {isa = PBXFileReference; lastKnownFileType = sourcecode.swift; path = PatternRowView.swift; sourceTree = "<group>"; };
		F002000A /* ProjectNoteStore.swift */ = {isa = PBXFileReference; lastKnownFileType = sourcecode.swift; path = ProjectNoteStore.swift; sourceTree = "<group>"; };
		F002000B /* TagStore.swift */ = {isa = PBXFileReference; lastKnownFileType = sourcecode.swift; path = TagStore.swift; sourceTree = "<group>"; };
		F002000C /* TagPickerView.swift */ = {isa = PBXFileReference; lastKnownFileType = sourcecode.swift; path = TagPickerView.swift; sourceTree = "<group>"; };
		F002000D /* NoteDetailView.swift */ = {isa = PBXFileReference; lastKnownFileType = sourcecode.swift; path = NoteDetailView.swift; sourceTree = "<group>"; };
		F002000E /* NoteRowView.swift */ = {isa = PBXFileReference; lastKnownFileType = sourcecode.swift; path = NoteRowView.swift; sourceTree = "<group>"; };
		F002000F /* AddNoteView.swift */ = {isa = PBXFileReference; lastKnownFileType = sourcecode.swift; path = AddNoteView.swift; sourceTree = "<group>"; };
		F0020010 /* FlowLayout.swift */ = {isa = PBXFileReference; lastKnownFileType = sourcecode.swift; path = FlowLayout.swift; sourceTree = "<group>"; };
		F0020011 /* ProjectNoteRepository.swift */ = {isa = PBXFileReference; lastKnownFileType = sourcecode.swift; path = ProjectNoteRepository.swift; sourceTree = "<group>"; };
		F0020012 /* TagRepository.swift */ = {isa = PBXFileReference; lastKnownFileType = sourcecode.swift; path = TagRepository.swift; sourceTree = "<group>"; };
		F0020013 /* MetadataService.swift */ = {isa = PBXFileReference; lastKnownFileType = sourcecode.swift; path = MetadataService.swift; sourceTree = "<group>"; };
		F0020014 /* PatternYarnLinkRepository.swift */ = {isa = PBXFileReference; lastKnownFileType = sourcecode.swift; path = PatternYarnLinkRepository.swift; sourceTree = "<group>"; };
		F0030001 /* Theme.swift */ = {isa = PBXFileReference; lastKnownFileType = sourcecode.swift; path = Theme.swift; sourceTree = "<group>"; };
		F0030002 /* PatternCardView.swift */ = {isa = PBXFileReference; lastKnownFileType = sourcecode.swift; path = PatternCardView.swift; sourceTree = "<group>"; };
		F0030003 /* OnboardingView.swift */ = {isa = PBXFileReference; lastKnownFileType = sourcecode.swift; path = OnboardingView.swift; sourceTree = "<group>"; };
		F0030004 /* PatternImage.swift */ = {isa = PBXFileReference; lastKnownFileType = sourcecode.swift; path = PatternImage.swift; sourceTree = "<group>"; };
		F0030005 /* PatternImageRepository.swift */ = {isa = PBXFileReference; lastKnownFileType = sourcecode.swift; path = PatternImageRepository.swift; sourceTree = "<group>"; };
		F0030006 /* PatternImageStore.swift */ = {isa = PBXFileReference; lastKnownFileType = sourcecode.swift; path = PatternImageStore.swift; sourceTree = "<group>"; };
		F0030007 /* InAppWebView.swift */ = {isa = PBXFileReference; lastKnownFileType = sourcecode.swift; path = InAppWebView.swift; sourceTree = "<group>"; };
		F0030008 /* PatternContentView.swift */ = {isa = PBXFileReference; lastKnownFileType = sourcecode.swift; path = PatternContentView.swift; sourceTree = "<group>"; };
		F0030009 /* PatternYarnLink.swift */ = {isa = PBXFileReference; lastKnownFileType = sourcecode.swift; path = PatternYarnLink.swift; sourceTree = "<group>"; };
		F003000A /* PatternYarnLinkStore.swift */ = {isa = PBXFileReference; lastKnownFileType = sourcecode.swift; path = PatternYarnLinkStore.swift; sourceTree = "<group>"; };
		F003000B /* PDFViewerView.swift */ = {isa = PBXFileReference; lastKnownFileType = sourcecode.swift; path = PDFViewerView.swift; sourceTree = "<group>"; };
		F003000C /* PatternStepParser.swift */ = {isa = PBXFileReference; lastKnownFileType = sourcecode.swift; path = PatternStepParser.swift; sourceTree = "<group>"; };
		F003000D /* PatternProgressStore.swift */ = {isa = PBXFileReference; lastKnownFileType = sourcecode.swift; path = PatternProgressStore.swift; sourceTree = "<group>"; };
		F003000E /* ContentBlockParser.swift */ = {isa = PBXFileReference; lastKnownFileType = sourcecode.swift; path = ContentBlockParser.swift; sourceTree = "<group>"; };
		F003000F /* JunkPhraseStore.swift */ = {isa = PBXFileReference; lastKnownFileType = sourcecode.swift; path = JunkPhraseStore.swift; sourceTree = "<group>"; };
		F0030010 /* StepEditorView.swift */ = {isa = PBXFileReference; lastKnownFileType = sourcecode.swift; path = StepEditorView.swift; sourceTree = "<group>"; };
		F0040001 /* EmptyPatterns.json */ = {isa = PBXFileReference; lastKnownFileType = text.json; path = EmptyPatterns.json; sourceTree = "<group>"; };
		F0040002 /* LottieAnimationView.swift */ = {isa = PBXFileReference; lastKnownFileType = sourcecode.swift; path = LottieAnimationView.swift; sourceTree = "<group>"; };
		F0040003 /* AnimatedCrowView.swift */ = {isa = PBXFileReference; lastKnownFileType = sourcecode.swift; path = AnimatedCrowView.swift; sourceTree = "<group>"; };
		F0050001 /* OnboardingMascotFrames */ = {isa = PBXFileReference; lastKnownFileType = folder; path = OnboardingMascotFrames; sourceTree = "<group>"; };
		F0050002 /* SpriteMascotView.swift */ = {isa = PBXFileReference; lastKnownFileType = sourcecode.swift; path = SpriteMascotView.swift; sourceTree = "<group>"; };
		F0050003 /* IdleMascotFrames */ = {isa = PBXFileReference; lastKnownFileType = folder; path = IdleMascotFrames; sourceTree = "<group>"; };
		F0050004 /* JumpingMascotFrames */ = {isa = PBXFileReference; lastKnownFileType = folder; path = JumpingMascotFrames; sourceTree = "<group>"; };
		F0050005 /* WalkingMascotFrames */ = {isa = PBXFileReference; lastKnownFileType = folder; path = WalkingMascotFrames; sourceTree = "<group>"; };
		F0050006 /* PoutyMascotFrames */ = {isa = PBXFileReference; lastKnownFileType = folder; path = PoutyMascotFrames; sourceTree = "<group>"; };
		F0050007 /* KnittingMascotFrames */ = {isa = PBXFileReference; lastKnownFileType = folder; path = KnittingMascotFrames; sourceTree = "<group>"; };
/* End PBXFileReference section */

/* Begin PBXFileSystemSynchronizedBuildFileExceptionSet section */
		08C7720C2F5B374A00241E4E /* PBXFileSystemSynchronizedBuildFileExceptionSet */ = {
			isa = PBXFileSystemSynchronizedBuildFileExceptionSet;
			membershipExceptions = (
				Info.plist,
			);
			target = 08C772002F5B374A00241E4E /* SaveToPatternVault */;
		};
/* End PBXFileSystemSynchronizedBuildFileExceptionSet section */

/* Begin PBXFileSystemSynchronizedRootGroup section */
		08C772022F5B374A00241E4E /* SaveToPatternVault */ = {isa = PBXFileSystemSynchronizedRootGroup; exceptions = (08C7720C2F5B374A00241E4E /* PBXFileSystemSynchronizedBuildFileExceptionSet */, ); explicitFileTypes = {}; explicitFolders = (); path = SaveToPatternVault; sourceTree = "<group>"; };
/* End PBXFileSystemSynchronizedRootGroup section */

/* Begin PBXFrameworksBuildPhase section */
		08C771FE2F5B374A00241E4E /* Frameworks */ = {
			isa = PBXFrameworksBuildPhase;
			buildActionMask = 2147483647;
			files = (
			);
			runOnlyForDeploymentPostprocessing = 0;
		};
		C0010001 /* Frameworks */ = {
			isa = PBXFrameworksBuildPhase;
			buildActionMask = 2147483647;
			files = (
				B001000C /* Supabase in Frameworks */,
				B001000F /* Lottie in Frameworks */,
				B001000D /* QuickLook.framework in Frameworks */,
			);
			runOnlyForDeploymentPostprocessing = 0;
		};
/* End PBXFrameworksBuildPhase section */

/* Begin PBXGroup section */
		08832CC12F5C9FA400984121 /* Recovered References */ = {
			isa = PBXGroup;
			children = (
				F001000F /* QuickLook.framework */,
			);
			name = "Recovered References";
			sourceTree = "<group>";
		};
		G0010000 = {
			isa = PBXGroup;
			children = (
				G0010001 /* PatternVault */,
				08C772022F5B374A00241E4E /* SaveToPatternVault */,
				G0010002 /* Products */,
				08832CC12F5C9FA400984121 /* Recovered References */,
			);
			sourceTree = "<group>";
		};
		G0010001 /* PatternVault */ = {
			isa = PBXGroup;
			children = (
				08C7E5B72F58EE8100DCDC30 /* PatternVault.entitlements */,
				F0010001 /* PatternVaultApp.swift */,
				F0010002 /* RootView.swift */,
				F0030001 /* Theme.swift */,
				G0010003 /* Auth */,
				G0010004 /* Core */,
				G0010005 /* Services */,
				G0020001 /* Models */,
				G0020002 /* Repositories */,
				G0040001 /* Animations */,
				F0050001 /* OnboardingMascotFrames */,
				F0050003 /* IdleMascotFrames */,
				F0050004 /* JumpingMascotFrames */,
				F0050005 /* WalkingMascotFrames */,
				F0050006 /* PoutyMascotFrames */,
				F0050007 /* KnittingMascotFrames */,
				F001000E /* Assets.xcassets */,
				F001000D /* Info.plist */,
			);
			path = PatternVault;
			sourceTree = "<group>";
		};
		G0010002 /* Products */ = {
			isa = PBXGroup;
			children = (
				E0010000 /* PatternVault.app */,
				08C772012F5B374A00241E4E /* SaveToPatternVault.appex */,
			);
			name = Products;
			sourceTree = "<group>";
		};
		G0010003 /* Auth */ = {
			isa = PBXGroup;
			children = (
				F0010005 /* AuthGateView.swift */,
				F0010006 /* LoginView.swift */,
				F0010007 /* SignUpView.swift */,
			);
			path = Auth;
			sourceTree = "<group>";
		};
		G0010004 /* Core */ = {
			isa = PBXGroup;
			children = (
				F0010008 /* MainTabView.swift */,
				F0010009 /* DashboardView.swift */,
				F001000A /* PatternListView.swift */,
				F001000B /* SettingsView.swift */,
				F0020006 /* PatternStore.swift */,
				F0020007 /* AddPatternView.swift */,
				F0020008 /* PatternDetailView.swift */,
				F0020009 /* PatternRowView.swift */,
				F002000A /* ProjectNoteStore.swift */,
				F002000B /* TagStore.swift */,
				F002000C /* TagPickerView.swift */,
				F002000D /* NoteDetailView.swift */,
				F002000E /* NoteRowView.swift */,
				F002000F /* AddNoteView.swift */,
				F0020010 /* FlowLayout.swift */,
				F0030002 /* PatternCardView.swift */,
				F0030003 /* OnboardingView.swift */,
				F0030006 /* PatternImageStore.swift */,
				F0030007 /* InAppWebView.swift */,
				F0030008 /* PatternContentView.swift */,
				F003000A /* PatternYarnLinkStore.swift */,
				F003000B /* PDFViewerView.swift */,
				F003000C /* PatternStepParser.swift */,
				F003000D /* PatternProgressStore.swift */,
				F003000E /* ContentBlockParser.swift */,
				F003000F /* JunkPhraseStore.swift */,
				F0030010 /* StepEditorView.swift */,
				F0040002 /* LottieAnimationView.swift */,
				F0040003 /* AnimatedCrowView.swift */,
				F0050002 /* SpriteMascotView.swift */,
			);
			path = Core;
			sourceTree = "<group>";
		};
		G0010005 /* Services */ = {
			isa = PBXGroup;
			children = (
				F0010003 /* SupabaseManager.swift */,
				F0010004 /* AuthService.swift */,
				F0020005 /* SourcePlatformHelper.swift */,
				F0020013 /* MetadataService.swift */,
			);
			path = Services;
			sourceTree = "<group>";
		};
		G0020001 /* Models */ = {
			isa = PBXGroup;
			children = (
				F0020001 /* Pattern.swift */,
				F0020002 /* ProjectNote.swift */,
				F0020003 /* Tag.swift */,
				F0030004 /* PatternImage.swift */,
				F0030009 /* PatternYarnLink.swift */,
			);
			path = Models;
			sourceTree = "<group>";
		};
		G0020002 /* Repositories */ = {
			isa = PBXGroup;
			children = (
				F0020004 /* PatternRepository.swift */,
				F0020011 /* ProjectNoteRepository.swift */,
				F0020012 /* TagRepository.swift */,
				F0030005 /* PatternImageRepository.swift */,
				F0020014 /* PatternYarnLinkRepository.swift */,
			);
			path = Repositories;
			sourceTree = "<group>";
		};
		G0040001 /* Animations */ = {
			isa = PBXGroup;
			children = (
				F0040001 /* EmptyPatterns.json */,
			);
			path = Animations;
			sourceTree = "<group>";
		};
/* End PBXGroup section */

/* Begin PBXNativeTarget section */
		08C772002F5B374A00241E4E /* SaveToPatternVault */ = {
			isa = PBXNativeTarget;
			buildConfigurationList = 08C7720D2F5B374A00241E4E /* Build configuration list for PBXNativeTarget "SaveToPatternVault" */;
			buildPhases = (
				08C771FD2F5B374A00241E4E /* Sources */,
				08C771FE2F5B374A00241E4E /* Frameworks */,
				08C771FF2F5B374A00241E4E /* Resources */,
			);
			buildRules = (
			);
			dependencies = (
			);
			fileSystemSynchronizedGroups = (
				08C772022F5B374A00241E4E /* SaveToPatternVault */,
			);
			name = SaveToPatternVault;
			packageProductDependencies = (
			);
			productName = SaveToPatternVault;
			productReference = 08C772012F5B374A00241E4E /* SaveToPatternVault.appex */;
			productType = "com.apple.product-type.app-extension";
		};
		T0010001 /* PatternVault */ = {
			isa = PBXNativeTarget;
			buildConfigurationList = C0010003 /* Build configuration list for PBXNativeTarget "PatternVault" */;
			buildPhases = (
				C0010004 /* Sources */,
				C0010001 /* Frameworks */,
				C0010005 /* Resources */,
				C0030003 /* Embed Foundation Extensions */,
			);
			buildRules = (
			);
			dependencies = (
				08C7720A2F5B374A00241E4E /* PBXTargetDependency */,
			);
			name = PatternVault;
			packageProductDependencies = (
				P0010001 /* Supabase */,
				P0010002 /* Lottie */,
			);
			productName = PatternVault;
			productReference = E0010000 /* PatternVault.app */;
			productType = "com.apple.product-type.application";
		};
/* End PBXNativeTarget section */

/* Begin PBXProject section */
		P0000000 /* Project object */ = {
			isa = PBXProject;
			attributes = {
				BuildIndependentTargetsInParallel = 1;
				LastSwiftUpdateCheck = 2630;
				LastUpgradeCheck = 2630;
				TargetAttributes = {
					08C772002F5B374A00241E4E = {
						CreatedOnToolsVersion = 26.3;
						LastSwiftMigration = 2630;
					};
					T0010001 = {
						CreatedOnToolsVersion = 15.0;
					};
				};
			};
			buildConfigurationList = C0010002 /* Build configuration list for PBXProject "PatternVault" */;
			compatibilityVersion = "Xcode 14.0";
			developmentRegion = en;
			hasScannedForEncodings = 0;
			knownRegions = (
				en,
				Base,
			);
			mainGroup = G0010000;
			packageReferences = (
				R0010001 /* XCRemoteSwiftPackageReference "supabase-swift" */,
				R0010002 /* XCRemoteSwiftPackageReference "lottie-spm" */,
			);
			productRefGroup = G0010002 /* Products */;
			projectDirPath = "";
			projectRoot = "";
			targets = (
				T0010001 /* PatternVault */,
				08C772002F5B374A00241E4E /* SaveToPatternVault */,
			);
		};
/* End PBXProject section */

/* Begin PBXResourcesBuildPhase section */
		08C771FF2F5B374A00241E4E /* Resources */ = {
			isa = PBXResourcesBuildPhase;
			buildActionMask = 2147483647;
			files = (
			);
			runOnlyForDeploymentPostprocessing = 0;
		};
		C0010005 /* Resources */ = {
			isa = PBXResourcesBuildPhase;
			buildActionMask = 2147483647;
			files = (
				B001000E /* Assets.xcassets in Resources */,
				B0040001 /* EmptyPatterns.json in Resources */,
				B0050001 /* OnboardingMascotFrames in Resources */,
				B0050003 /* IdleMascotFrames in Resources */,
				B0050004 /* JumpingMascotFrames in Resources */,
				B0050005 /* WalkingMascotFrames in Resources */,
				B0050006 /* PoutyMascotFrames in Resources */,
				B0050007 /* KnittingMascotFrames in Resources */,
			);
			runOnlyForDeploymentPostprocessing = 0;
		};
/* End PBXResourcesBuildPhase section */

/* Begin PBXSourcesBuildPhase section */
		08C771FD2F5B374A00241E4E /* Sources */ = {
			isa = PBXSourcesBuildPhase;
			buildActionMask = 2147483647;
			files = (
			);
			runOnlyForDeploymentPostprocessing = 0;
		};
		C0010004 /* Sources */ = {
			isa = PBXSourcesBuildPhase;
			buildActionMask = 2147483647;
			files = (
				B0030004 /* PatternImage.swift in Sources */,
				B0010001 /* PatternVaultApp.swift in Sources */,
				B0010002 /* RootView.swift in Sources */,
				B0010003 /* SupabaseManager.swift in Sources */,
				B0010004 /* AuthService.swift in Sources */,
				B0010005 /* AuthGateView.swift in Sources */,
				B0010006 /* LoginView.swift in Sources */,
				B0010007 /* SignUpView.swift in Sources */,
				B0030005 /* PatternImageRepository.swift in Sources */,
				B0010008 /* MainTabView.swift in Sources */,
				B0010009 /* DashboardView.swift in Sources */,
				B001000A /* PatternListView.swift in Sources */,
				B001000B /* SettingsView.swift in Sources */,
				B0020001 /* Pattern.swift in Sources */,
				B0020002 /* ProjectNote.swift in Sources */,
				B0020003 /* Tag.swift in Sources */,
				B0020004 /* PatternRepository.swift in Sources */,
				B0020005 /* SourcePlatformHelper.swift in Sources */,
				B0020006 /* PatternStore.swift in Sources */,
				B0020007 /* AddPatternView.swift in Sources */,
				B0020008 /* PatternDetailView.swift in Sources */,
				B0020009 /* PatternRowView.swift in Sources */,
				B002000A /* ProjectNoteStore.swift in Sources */,
				B002000B /* TagStore.swift in Sources */,
				B0030006 /* PatternImageStore.swift in Sources */,
				B0030007 /* InAppWebView.swift in Sources */,
				B0030008 /* PatternContentView.swift in Sources */,
				B002000C /* TagPickerView.swift in Sources */,
				B002000D /* NoteDetailView.swift in Sources */,
				B002000E /* NoteRowView.swift in Sources */,
				B002000F /* AddNoteView.swift in Sources */,
				B0020010 /* FlowLayout.swift in Sources */,
				B0020011 /* ProjectNoteRepository.swift in Sources */,
				B0020012 /* TagRepository.swift in Sources */,
				B0020013 /* MetadataService.swift in Sources */,
				B0030001 /* Theme.swift in Sources */,
				B0030002 /* PatternCardView.swift in Sources */,
				B0030003 /* OnboardingView.swift in Sources */,
				B0030009 /* PatternYarnLink.swift in Sources */,
				B0020014 /* PatternYarnLinkRepository.swift in Sources */,
				B003000A /* PatternYarnLinkStore.swift in Sources */,
				B003000B /* PDFViewerView.swift in Sources */,
				B003000C /* PatternStepParser.swift in Sources */,
				B003000D /* PatternProgressStore.swift in Sources */,
				B003000E /* ContentBlockParser.swift in Sources */,
				B003000F /* JunkPhraseStore.swift in Sources */,
				B0030010 /* StepEditorView.swift in Sources */,
				B0040002 /* LottieAnimationView.swift in Sources */,
				B0040003 /* AnimatedCrowView.swift in Sources */,
				B0050002 /* SpriteMascotView.swift in Sources */,
			);
			runOnlyForDeploymentPostprocessing = 0;
		};
/* End PBXSourcesBuildPhase section */

/* Begin PBXTargetDependency section */
		08C7720A2F5B374A00241E4E /* PBXTargetDependency */ = {
			isa = PBXTargetDependency;
			target = 08C772002F5B374A00241E4E /* SaveToPatternVault */;
			targetProxy = 08C772092F5B374A00241E4E /* PBXContainerItemProxy */;
		};
/* End PBXTargetDependency section */

/* Begin XCBuildConfiguration section */
		08C7720E2F5B374A00241E4E /* Debug */ = {
			isa = XCBuildConfiguration;
			buildSettings = {
				ANTHROPIC_API_KEY = "$(ANTHROPIC_API_KEY)";
				RAVELRY_ACCESS_KEY = "$(RAVELRY_ACCESS_KEY)";
				RAVELRY_PERSONAL_KEY = "$(RAVELRY_PERSONAL_KEY)";
				CLANG_ENABLE_MODULES = YES;
				CLANG_WARN_DIRECT_OBJC_ISA_USAGE = YES_ERROR;
				CLANG_WARN_DOCUMENTATION_COMMENTS = YES;
				CLANG_WARN_OBJC_ROOT_CLASS = YES_ERROR;
				CLANG_WARN_UNGUARDED_AVAILABILITY = YES_AGGRESSIVE;
				CODE_SIGN_ENTITLEMENTS = SaveToPatternVault/SaveToPatternVault.entitlements;
				CODE_SIGN_IDENTITY = "Apple Development";
				CODE_SIGN_STYLE = Automatic;
				CURRENT_PROJECT_VERSION = 1;
				DEVELOPMENT_TEAM = AN7ZH3YS3A;
				GCC_WARN_ABOUT_RETURN_TYPE = YES_ERROR;
				GCC_WARN_UNINITIALIZED_AUTOS = YES_AGGRESSIVE;
				GENERATE_INFOPLIST_FILE = NO;
				INFOPLIST_FILE = SaveToPatternVault/Info.plist;
				INFOPLIST_KEY_CFBundleDisplayName = "Save to Pattern Vault";
				INFOPLIST_KEY_NSHumanReadableCopyright = "";
				IPHONEOS_DEPLOYMENT_TARGET = 17.0;
				LD_RUNPATH_SEARCH_PATHS = (
					"$(inherited)",
					"@executable_path/Frameworks",
					"@executable_path/../../Frameworks",
				);
				MARKETING_VERSION = 1.0;
				PRODUCT_BUNDLE_IDENTIFIER = com.patternvault.app.share;
				PRODUCT_NAME = "$(TARGET_NAME)";
				PROVISIONING_PROFILE_SPECIFIER = "";
				SKIP_INSTALL = YES;
				STRING_CATALOG_GENERATE_SYMBOLS = YES;
				SWIFT_APPROACHABLE_CONCURRENCY = YES;
				SWIFT_EMIT_LOC_STRINGS = YES;
				SWIFT_OBJC_BRIDGING_HEADER = "SaveToPatternVault/SaveToPatternVault-Bridging-Header.h";
				SWIFT_OPTIMIZATION_LEVEL = "-Onone";
				SWIFT_UPCOMING_FEATURE_MEMBER_IMPORT_VISIBILITY = YES;
				SWIFT_VERSION = 5.0;
				TARGETED_DEVICE_FAMILY = "1,2";
			};
			name = Debug;
		};
		08C7720F2F5B374A00241E4E /* Release */ = {
			isa = XCBuildConfiguration;
			buildSettings = {
				ANTHROPIC_API_KEY = "$(ANTHROPIC_API_KEY)";
				RAVELRY_ACCESS_KEY = "$(RAVELRY_ACCESS_KEY)";
				RAVELRY_PERSONAL_KEY = "$(RAVELRY_PERSONAL_KEY)";
				CLANG_ENABLE_MODULES = YES;
				CLANG_WARN_DIRECT_OBJC_ISA_USAGE = YES_ERROR;
				CLANG_WARN_DOCUMENTATION_COMMENTS = YES;
				CLANG_WARN_OBJC_ROOT_CLASS = YES_ERROR;
				CLANG_WARN_UNGUARDED_AVAILABILITY = YES_AGGRESSIVE;
				CODE_SIGN_ENTITLEMENTS = SaveToPatternVault/SaveToPatternVault.entitlements;
				CODE_SIGN_IDENTITY = "Apple Development";
				CODE_SIGN_STYLE = Automatic;
				CURRENT_PROJECT_VERSION = 1;
				DEVELOPMENT_TEAM = AN7ZH3YS3A;
				GCC_WARN_ABOUT_RETURN_TYPE = YES_ERROR;
				GCC_WARN_UNINITIALIZED_AUTOS = YES_AGGRESSIVE;
				GENERATE_INFOPLIST_FILE = NO;
				INFOPLIST_FILE = SaveToPatternVault/Info.plist;
				INFOPLIST_KEY_CFBundleDisplayName = "Save to Pattern Vault";
				INFOPLIST_KEY_NSHumanReadableCopyright = "";
				IPHONEOS_DEPLOYMENT_TARGET = 17.0;
				LD_RUNPATH_SEARCH_PATHS = (
					"$(inherited)",
					"@executable_path/Frameworks",
					"@executable_path/../../Frameworks",
				);
				MARKETING_VERSION = 1.0;
				PRODUCT_BUNDLE_IDENTIFIER = com.patternvault.app.share;
				PRODUCT_NAME = "$(TARGET_NAME)";
				PROVISIONING_PROFILE_SPECIFIER = "";
				SKIP_INSTALL = YES;
				STRING_CATALOG_GENERATE_SYMBOLS = YES;
				SWIFT_APPROACHABLE_CONCURRENCY = YES;
				SWIFT_EMIT_LOC_STRINGS = YES;
				SWIFT_OBJC_BRIDGING_HEADER = "SaveToPatternVault/SaveToPatternVault-Bridging-Header.h";
				SWIFT_UPCOMING_FEATURE_MEMBER_IMPORT_VISIBILITY = YES;
				SWIFT_VERSION = 5.0;
				TARGETED_DEVICE_FAMILY = "1,2";
			};
			name = Release;
		};
		X0010001 /* Debug */ = {
			isa = XCBuildConfiguration;
			buildSettings = {
				ALWAYS_SEARCH_USER_PATHS = NO;
				ASSETCATALOG_COMPILER_GENERATE_SWIFT_ASSET_SYMBOL_EXTENSIONS = YES;
				CLANG_ANALYZER_NONNULL = YES;
				CLANG_ANALYZER_NUMBER_OBJECT_CONVERSION = YES_AGGRESSIVE;
				CLANG_CXX_LANGUAGE_STANDARD = "gnu++20";
				CLANG_ENABLE_MODULES = YES;
				CLANG_ENABLE_OBJC_ARC = YES;
				CLANG_ENABLE_OBJC_WEAK = YES;
				CLANG_WARN_BLOCK_CAPTURE_AUTORELEASING = YES;
				CLANG_WARN_BOOL_CONVERSION = YES;
				CLANG_WARN_COMMA = YES;
				CLANG_WARN_CONSTANT_CONVERSION = YES;
				CLANG_WARN_DEPRECATED_OBJC_IMPLEMENTATIONS = YES;
				CLANG_WARN_EMPTY_BODY = YES;
				CLANG_WARN_ENUM_CONVERSION = YES;
				CLANG_WARN_INFINITE_RECURSION = YES;
				CLANG_WARN_INT_CONVERSION = YES;
				CLANG_WARN_NON_LITERAL_NULL_CONVERSION = YES;
				CLANG_WARN_OBJC_IMPLICIT_RETAIN_SELF = YES;
				CLANG_WARN_OBJC_LITERAL_CONVERSION = YES;
				CLANG_WARN_QUOTED_INCLUDE_IN_FRAMEWORK_HEADER = YES;
				CLANG_WARN_RANGE_LOOP_ANALYSIS = YES;
				CLANG_WARN_STRICT_PROTOTYPES = YES;
				CLANG_WARN_SUSPICIOUS_MOVE = YES;
				CLANG_WARN_UNREACHABLE_CODE = YES;
				CLANG_WARN__DUPLICATE_METHOD_MATCH = YES;
				COPY_PHASE_STRIP = NO;
				DEBUG_INFORMATION_FORMAT = dwarf;
				ENABLE_STRICT_OBJC_MSGSEND = YES;
				ENABLE_TESTABILITY = YES;
				ENABLE_USER_SCRIPT_SANDBOXING = YES;
				GCC_C_LANGUAGE_STANDARD = gnu17;
				GCC_DYNAMIC_NO_PIC = NO;
				GCC_NO_COMMON_BLOCKS = YES;
				GCC_OPTIMIZATION_LEVEL = 0;
				GCC_PREPROCESSOR_DEFINITIONS = (
					"DEBUG=1",
					"$(inherited)",
				);
				GCC_WARN_64_TO_32_BIT_CONVERSION = YES;
				GCC_WARN_ABOUT_RETURN_TYPE = YES;
				GCC_WARN_UNDECLARED_SELECTOR = YES;
				GCC_WARN_UNINITIALIZED_AUTOS = YES;
				GCC_WARN_UNUSED_FUNCTION = YES;
				GCC_WARN_UNUSED_VARIABLE = YES;
				GENERATE_INFOPLIST_FILE = NO;
				IPHONEOS_DEPLOYMENT_TARGET = 17.0;
				LOCALIZATION_PREFERS_STRING_CATALOGS = YES;
				MTL_ENABLE_DEBUG_INFO = INCLUDE_SOURCE;
				MTL_FAST_MATH = YES;
				ONLY_ACTIVE_ARCH = YES;
				SDKROOT = iphoneos;
				STRING_CATALOG_GENERATE_SYMBOLS = YES;
				SWIFT_ACTIVE_COMPILATION_CONDITIONS = "DEBUG $(inherited)";
				SWIFT_OPTIMIZATION_LEVEL = "-Onone";
			};
			name = Debug;
		};
		X0010002 /* Release */ = {
			isa = XCBuildConfiguration;
			buildSettings = {
				ALWAYS_SEARCH_USER_PATHS = NO;
				ASSETCATALOG_COMPILER_GENERATE_SWIFT_ASSET_SYMBOL_EXTENSIONS = YES;
				CLANG_ANALYZER_NONNULL = YES;
				CLANG_ANALYZER_NUMBER_OBJECT_CONVERSION = YES_AGGRESSIVE;
				CLANG_CXX_LANGUAGE_STANDARD = "gnu++20";
				CLANG_ENABLE_MODULES = YES;
				CLANG_ENABLE_OBJC_ARC = YES;
				CLANG_ENABLE_OBJC_WEAK = YES;
				CLANG_WARN_BLOCK_CAPTURE_AUTORELEASING = YES;
				CLANG_WARN_BOOL_CONVERSION = YES;
				CLANG_WARN_COMMA = YES;
				CLANG_WARN_CONSTANT_CONVERSION = YES;
				CLANG_WARN_DEPRECATED_OBJC_IMPLEMENTATIONS = YES;
				CLANG_WARN_EMPTY_BODY = YES;
				CLANG_WARN_ENUM_CONVERSION = YES;
				CLANG_WARN_INFINITE_RECURSION = YES;
				CLANG_WARN_INT_CONVERSION = YES;
				CLANG_WARN_NON_LITERAL_NULL_CONVERSION = YES;
				CLANG_WARN_OBJC_IMPLICIT_RETAIN_SELF = YES;
				CLANG_WARN_OBJC_LITERAL_CONVERSION = YES;
				CLANG_WARN_QUOTED_INCLUDE_IN_FRAMEWORK_HEADER = YES;
				CLANG_WARN_RANGE_LOOP_ANALYSIS = YES;
				CLANG_WARN_STRICT_PROTOTYPES = YES;
				CLANG_WARN_SUSPICIOUS_MOVE = YES;
				CLANG_WARN_UNREACHABLE_CODE = YES;
				CLANG_WARN__DUPLICATE_METHOD_MATCH = YES;
				COPY_PHASE_STRIP = NO;
				DEBUG_INFORMATION_FORMAT = "dwarf-with-dsym";
				ENABLE_NS_ASSERTIONS = NO;
				ENABLE_STRICT_OBJC_MSGSEND = YES;
				ENABLE_USER_SCRIPT_SANDBOXING = YES;
				GCC_C_LANGUAGE_STANDARD = gnu17;
				GCC_NO_COMMON_BLOCKS = YES;
				GCC_WARN_64_TO_32_BIT_CONVERSION = YES;
				GCC_WARN_ABOUT_RETURN_TYPE = YES;
				GCC_WARN_UNDECLARED_SELECTOR = YES;
				GCC_WARN_UNINITIALIZED_AUTOS = YES;
				GCC_WARN_UNUSED_FUNCTION = YES;
				GCC_WARN_UNUSED_VARIABLE = YES;
				GENERATE_INFOPLIST_FILE = NO;
				IPHONEOS_DEPLOYMENT_TARGET = 17.0;
				LOCALIZATION_PREFERS_STRING_CATALOGS = YES;
				MTL_ENABLE_DEBUG_INFO = NO;
				MTL_FAST_MATH = YES;
				SDKROOT = iphoneos;
				STRING_CATALOG_GENERATE_SYMBOLS = YES;
				SWIFT_COMPILATION_MODE = wholemodule;
				VALIDATE_PRODUCT = YES;
			};
			name = Release;
		};
		X0010003 /* Debug */ = {
			isa = XCBuildConfiguration;
			buildSettings = {
				ANTHROPIC_API_KEY = "$(ANTHROPIC_API_KEY)";
				ASSETCATALOG_COMPILER_APPICON_NAME = AppIcon;
				ASSETCATALOG_COMPILER_GLOBAL_ACCENT_COLOR_NAME = AccentColor;
				CODE_SIGN_ENTITLEMENTS = PatternVault/PatternVault.entitlements;
				CODE_SIGN_STYLE = Automatic;
				CURRENT_PROJECT_VERSION = 1;
				DEVELOPMENT_ASSET_PATHS = "";
				ENABLE_PREVIEWS = YES;
				GENERATE_INFOPLIST_FILE = NO;
				INFOPLIST_FILE = PatternVault/Info.plist;
				INFOPLIST_KEY_UIApplicationSceneManifest_Generation = YES;
				INFOPLIST_KEY_UIApplicationSupportsIndirectInputEvents = YES;
				INFOPLIST_KEY_UILaunchScreen_Generation = YES;
				INFOPLIST_KEY_UISupportedInterfaceOrientations_iPad = "UIInterfaceOrientationPortrait UIInterfaceOrientationPortraitUpsideDown UIInterfaceOrientationLandscapeLeft UIInterfaceOrientationLandscapeRight";
				INFOPLIST_KEY_UISupportedInterfaceOrientations_iPhone = "UIInterfaceOrientationPortrait UIInterfaceOrientationLandscapeLeft UIInterfaceOrientationLandscapeRight";
				LD_RUNPATH_SEARCH_PATHS = (
					"$(inherited)",
					"@executable_path/Frameworks",
				);
				MARKETING_VERSION = 1.0;
				PRODUCT_BUNDLE_IDENTIFIER = com.patternvault.app;
				PRODUCT_NAME = "$(TARGET_NAME)";
				RAVELRY_ACCESS_KEY = placeholder;
				RAVELRY_PERSONAL_KEY = placeholder;
				SUPABASE_ANON_KEY = eyJhbGciOiJIUzI1NiIsInR5cCI6IkpXVCJ9.eyJpc3MiOiJzdXBhYmFzZSIsInJlZiI6ImZiemJuenR2YW51aWlqenltY2tuIiwicm9sZSI6ImFub24iLCJpYXQiOjE3NzI2MzY0NDcsImV4cCI6MjA4ODIxMjQ0N30.Ifur1ENkVLLypKbjh6gNUBA_E78ajJrKKfnI4yywU_o;
				SUPABASE_URL = "https://fbzbnztvanuiijzymckn.supabase.co";
				SWIFT_EMIT_LOC_STRINGS = YES;
				SWIFT_VERSION = 5.0;
				TARGETED_DEVICE_FAMILY = "1,2";
			};
			name = Debug;
		};
		X0010004 /* Release */ = {
			isa = XCBuildConfiguration;
			buildSettings = {
				ANTHROPIC_API_KEY = "$(ANTHROPIC_API_KEY)";
				ASSETCATALOG_COMPILER_APPICON_NAME = AppIcon;
				ASSETCATALOG_COMPILER_GLOBAL_ACCENT_COLOR_NAME = AccentColor;
				CODE_SIGN_ENTITLEMENTS = PatternVault/PatternVault.entitlements;
				CODE_SIGN_STYLE = Automatic;
				CURRENT_PROJECT_VERSION = 1;
				DEVELOPMENT_ASSET_PATHS = "";
				ENABLE_PREVIEWS = YES;
				GENERATE_INFOPLIST_FILE = NO;
				INFOPLIST_FILE = PatternVault/Info.plist;
				INFOPLIST_KEY_UIApplicationSceneManifest_Generation = YES;
				INFOPLIST_KEY_UIApplicationSupportsIndirectInputEvents = YES;
				INFOPLIST_KEY_UILaunchScreen_Generation = YES;
				INFOPLIST_KEY_UISupportedInterfaceOrientations_iPad = "UIInterfaceOrientationPortrait UIInterfaceOrientationPortraitUpsideDown UIInterfaceOrientationLandscapeLeft UIInterfaceOrientationLandscapeRight";
				INFOPLIST_KEY_UISupportedInterfaceOrientations_iPhone = "UIInterfaceOrientationPortrait UIInterfaceOrientationLandscapeLeft UIInterfaceOrientationLandscapeRight";
				LD_RUNPATH_SEARCH_PATHS = (
					"$(inherited)",
					"@executable_path/Frameworks",
				);
				MARKETING_VERSION = 1.0;
				PRODUCT_BUNDLE_IDENTIFIER = com.patternvault.app;
				PRODUCT_NAME = "$(TARGET_NAME)";
				RAVELRY_ACCESS_KEY = placeholder;
				RAVELRY_PERSONAL_KEY = placeholder;
				SUPABASE_ANON_KEY = eyJhbGciOiJIUzI1NiIsInR5cCI6IkpXVCJ9.eyJpc3MiOiJzdXBhYmFzZSIsInJlZiI6ImZiemJuenR2YW51aWlqenltY2tuIiwicm9sZSI6ImFub24iLCJpYXQiOjE3NzI2MzY0NDcsImV4cCI6MjA4ODIxMjQ0N30.Ifur1ENkVLLypKbjh6gNUBA_E78ajJrKKfnI4yywU_o;
				SUPABASE_URL = "https://fbzbnztvanuiijzymckn.supabase.co";
				SWIFT_EMIT_LOC_STRINGS = YES;
				SWIFT_VERSION = 5.0;
				TARGETED_DEVICE_FAMILY = "1,2";
			};
			name = Release;
		};
/* End XCBuildConfiguration section */

/* Begin XCConfigurationList section */
		08C7720D2F5B374A00241E4E /* Build configuration list for PBXNativeTarget "SaveToPatternVault" */ = {
			isa = XCConfigurationList;
			buildConfigurations = (
				08C7720E2F5B374A00241E4E /* Debug */,
				08C7720F2F5B374A00241E4E /* Release */,
			);
			defaultConfigurationIsVisible = 0;
			defaultConfigurationName = Release;
		};
		C0010002 /* Build configuration list for PBXProject "PatternVault" */ = {
			isa = XCConfigurationList;
			buildConfigurations = (
				X0010001 /* Debug */,
				X0010002 /* Release */,
			);
			defaultConfigurationIsVisible = 0;
			defaultConfigurationName = Release;
		};
		C0010003 /* Build configuration list for PBXNativeTarget "PatternVault" */ = {
			isa = XCConfigurationList;
			buildConfigurations = (
				X0010003 /* Debug */,
				X0010004 /* Release */,
			);
			defaultConfigurationIsVisible = 0;
			defaultConfigurationName = Release;
		};
/* End XCConfigurationList section */

/* Begin XCRemoteSwiftPackageReference section */
		R0010001 /* XCRemoteSwiftPackageReference "supabase-swift" */ = {
			isa = XCRemoteSwiftPackageReference;
			repositoryURL = "https://github.com/supabase/supabase-swift";
			requirement = {
				kind = upToNextMajorVersion;
				minimumVersion = 2.0.0;
			};
		};
		R0010002 /* XCRemoteSwiftPackageReference "lottie-spm" */ = {
			isa = XCRemoteSwiftPackageReference;
			repositoryURL = "https://github.com/airbnb/lottie-spm";
			requirement = {
				kind = upToNextMajorVersion;
				minimumVersion = 4.3.0;
			};
		};
/* End XCRemoteSwiftPackageReference section */

/* Begin XCSwiftPackageProductDependency section */
		P0010001 /* Supabase */ = {
			isa = XCSwiftPackageProductDependency;
			package = R0010001 /* XCRemoteSwiftPackageReference "supabase-swift" */;
			productName = Supabase;
		};
		P0010002 /* Lottie */ = {
			isa = XCSwiftPackageProductDependency;
			package = R0010002 /* XCRemoteSwiftPackageReference "lottie-spm" */;
			productName = Lottie;
		};
/* End XCSwiftPackageProductDependency section */
	};
	rootObject = P0000000 /* Project object */;
}
